
Microsoft Visual Studio Solution File, Format Version 12.00
# Visual Studio 15
VisualStudioVersion = 15.0.27703.2035
MinimumVisualStudioVersion = 10.0.40219.1
Project("{8BC9CEB8-8B4A-11D0-8D11-00A0C91BC942}") = "Tyle", "Tyle\Tyle.vcxproj", "{73B7F4B8-08CE-4768-BE41-8DB41C77BDFF}"
EndProject
Global
	GlobalSection(SolutionConfigurationPlatforms) = preSolution
		Debug|x64 = Debug|x64
		Debug|x86 = Debug|x86
		Release|x64 = Release|x64
		Release|x86 = Release|x86
	EndGlobalSection
	GlobalSection(ProjectConfigurationPlatforms) = postSolution
		{73B7F4B8-08CE-4768-BE41-8DB41C77BDFF}.Debug|x64.ActiveCfg = Debug|x64
		{73B7F4B8-08CE-4768-BE41-8DB41C77BDFF}.Debug|x64.Build.0 = Debug|x64
		{73B7F4B8-08CE-4768-BE41-8DB41C77BDFF}.Debug|x86.ActiveCfg = Debug|Win32
		{73B7F4B8-08CE-4768-BE41-8DB41C77BDFF}.Debug|x86.Build.0 = Debug|Win32
		{73B7F4B8-08CE-4768-BE41-8DB41C77BDFF}.Release|x64.ActiveCfg = Release|x64
		{73B7F4B8-08CE-4768-BE41-8DB41C77BDFF}.Release|x64.Build.0 = Release|x64
		{73B7F4B8-08CE-4768-BE41-8DB41C77BDFF}.Release|x86.ActiveCfg = Release|Win32
		{73B7F4B8-08CE-4768-BE41-8DB41C77BDFF}.Release|x86.Build.0 = Release|Win32
	EndGlobalSection
	GlobalSection(SolutionProperties) = preSolution
		HideSolutionNode = FALSE
	EndGlobalSection
	GlobalSection(ExtensibilityGlobals) = postSolution
		SolutionGuid = {29E81B2F-F959-45B9-A8C1-B5A11CAFA974}
	EndGlobalSection
EndGlobal
